
Microsoft Visual Studio Solution File, Format Version 12.00
# Visual Studio Version 17
VisualStudioVersion = 17.0.31903.59
MinimumVisualStudioVersion = 10.0.40219.1
Project("{2150E333-8FDC-42A3-9474-1A3956D46DE8}") = "src", "src", "{3755281F-0AC0-492E-8893-6139EF7421D1}"
EndProject
Project("{FAE04EC0-301F-11D3-BF4B-00C04F79EFBC}") = "Deed.Core", "src\Deed.Core\Deed.Core.csproj", "{32DDE844-4EF1-4FFA-A684-99198ADF8AFB}"
EndProject
Project("{2150E333-8FDC-42A3-9474-1A3956D46DE8}") = "tests", "tests", "{3A474734-A1BD-452C-96D8-AD5B48E43231}"
EndProject
Project("{FAE04EC0-301F-11D3-BF4B-00C04F79EFBC}") = "Deed.Core.Tests", "tests\Deed.Core.Tests\Deed.Core.Tests.csproj", "{4CC127ED-AFB5-47ED-8ED9-FFC9DA9CCA79}"
EndProject
Project("{FAE04EC0-301F-11D3-BF4B-00C04F79EFBC}") = "Deed.Persistence", "src\Deed.Persistence\Deed.Persistence.csproj", "{89FDB9FB-02B6-47B3-BB18-4E3FBA8BC5A1}"
EndProject
Project("{FAE04EC0-301F-11D3-BF4B-00C04F79EFBC}") = "Deed.Persistence.Tests", "tests\Deed.Persistence.Tests\Deed.Persistence.Tests.csproj", "{B9E58F94-8456-473E-8AEC-D0B7A4703910}"
EndProject
Project("{FAE04EC0-301F-11D3-BF4B-00C04F79EFBC}") = "Deed.Desktop", "src\Deed.Desktop\Deed.Desktop.csproj", "{006E2216-E670-4F40-A70C-37CEF37F5CDC}"
EndProject
Project("{FAE04EC0-301F-11D3-BF4B-00C04F79EFBC}") = "Deed.Desktop.Tests", "tests\Deed.Desktop.Tests\Deed.Desktop.Tests.csproj", "{ABCE80A3-396D-4A0F-B189-83C03B58EC3F}"
EndProject
Global
	GlobalSection(SolutionConfigurationPlatforms) = preSolution
		Debug|Any CPU = Debug|Any CPU
		Release|Any CPU = Release|Any CPU
	EndGlobalSection
	GlobalSection(SolutionProperties) = preSolution
		HideSolutionNode = FALSE
	EndGlobalSection
	GlobalSection(ProjectConfigurationPlatforms) = postSolution
		{32DDE844-4EF1-4FFA-A684-99198ADF8AFB}.Debug|Any CPU.ActiveCfg = Debug|Any CPU
		{32DDE844-4EF1-4FFA-A684-99198ADF8AFB}.Debug|Any CPU.Build.0 = Debug|Any CPU
		{32DDE844-4EF1-4FFA-A684-99198ADF8AFB}.Release|Any CPU.ActiveCfg = Release|Any CPU
		{32DDE844-4EF1-4FFA-A684-99198ADF8AFB}.Release|Any CPU.Build.0 = Release|Any CPU
		{4CC127ED-AFB5-47ED-8ED9-FFC9DA9CCA79}.Debug|Any CPU.ActiveCfg = Debug|Any CPU
		{4CC127ED-AFB5-47ED-8ED9-FFC9DA9CCA79}.Debug|Any CPU.Build.0 = Debug|Any CPU
		{4CC127ED-AFB5-47ED-8ED9-FFC9DA9CCA79}.Release|Any CPU.ActiveCfg = Release|Any CPU
		{4CC127ED-AFB5-47ED-8ED9-FFC9DA9CCA79}.Release|Any CPU.Build.0 = Release|Any CPU
		{89FDB9FB-02B6-47B3-BB18-4E3FBA8BC5A1}.Debug|Any CPU.ActiveCfg = Debug|Any CPU
		{89FDB9FB-02B6-47B3-BB18-4E3FBA8BC5A1}.Debug|Any CPU.Build.0 = Debug|Any CPU
		{89FDB9FB-02B6-47B3-BB18-4E3FBA8BC5A1}.Release|Any CPU.ActiveCfg = Release|Any CPU
		{89FDB9FB-02B6-47B3-BB18-4E3FBA8BC5A1}.Release|Any CPU.Build.0 = Release|Any CPU
		{B9E58F94-8456-473E-8AEC-D0B7A4703910}.Debug|Any CPU.ActiveCfg = Debug|Any CPU
		{B9E58F94-8456-473E-8AEC-D0B7A4703910}.Debug|Any CPU.Build.0 = Debug|Any CPU
		{B9E58F94-8456-473E-8AEC-D0B7A4703910}.Release|Any CPU.ActiveCfg = Release|Any CPU
		{B9E58F94-8456-473E-8AEC-D0B7A4703910}.Release|Any CPU.Build.0 = Release|Any CPU
		{006E2216-E670-4F40-A70C-37CEF37F5CDC}.Debug|Any CPU.ActiveCfg = Debug|Any CPU
		{006E2216-E670-4F40-A70C-37CEF37F5CDC}.Debug|Any CPU.Build.0 = Debug|Any CPU
		{006E2216-E670-4F40-A70C-37CEF37F5CDC}.Release|Any CPU.ActiveCfg = Release|Any CPU
		{006E2216-E670-4F40-A70C-37CEF37F5CDC}.Release|Any CPU.Build.0 = Release|Any CPU
		{ABCE80A3-396D-4A0F-B189-83C03B58EC3F}.Debug|Any CPU.ActiveCfg = Debug|Any CPU
		{ABCE80A3-396D-4A0F-B189-83C03B58EC3F}.Debug|Any CPU.Build.0 = Debug|Any CPU
		{ABCE80A3-396D-4A0F-B189-83C03B58EC3F}.Release|Any CPU.ActiveCfg = Release|Any CPU
		{ABCE80A3-396D-4A0F-B189-83C03B58EC3F}.Release|Any CPU.Build.0 = Release|Any CPU
	EndGlobalSection
	GlobalSection(NestedProjects) = preSolution
		{32DDE844-4EF1-4FFA-A684-99198ADF8AFB} = {3755281F-0AC0-492E-8893-6139EF7421D1}
		{4CC127ED-AFB5-47ED-8ED9-FFC9DA9CCA79} = {3A474734-A1BD-452C-96D8-AD5B48E43231}
		{89FDB9FB-02B6-47B3-BB18-4E3FBA8BC5A1} = {3755281F-0AC0-492E-8893-6139EF7421D1}
		{B9E58F94-8456-473E-8AEC-D0B7A4703910} = {3A474734-A1BD-452C-96D8-AD5B48E43231}
		{006E2216-E670-4F40-A70C-37CEF37F5CDC} = {3755281F-0AC0-492E-8893-6139EF7421D1}
		{ABCE80A3-396D-4A0F-B189-83C03B58EC3F} = {3A474734-A1BD-452C-96D8-AD5B48E43231}
	EndGlobalSection
EndGlobal
